
Microsoft Visual Studio Solution File, Format Version 12.00
# Visual Studio 15
VisualStudioVersion = 15.0.28307.168
MinimumVisualStudioVersion = 10.0.40219.1
Project("{FAE04EC0-301F-11D3-BF4B-00C04F79EFBC}") = "ImageCompresser", "ImageCompresser\ImageCompresser.csproj", "{69C50F53-7807-40E9-95F9-911A56D8C991}"
EndProject
Global
	GlobalSection(SolutionConfigurationPlatforms) = preSolution
		Debug|Any CPU = Debug|Any CPU
		Release|Any CPU = Release|Any CPU
	EndGlobalSection
	GlobalSection(ProjectConfigurationPlatforms) = postSolution
		{69C50F53-7807-40E9-95F9-911A56D8C991}.Debug|Any CPU.ActiveCfg = Debug|Any CPU
		{69C50F53-7807-40E9-95F9-911A56D8C991}.Debug|Any CPU.Build.0 = Debug|Any CPU
		{69C50F53-7807-40E9-95F9-911A56D8C991}.Release|Any CPU.ActiveCfg = Release|Any CPU
		{69C50F53-7807-40E9-95F9-911A56D8C991}.Release|Any CPU.Build.0 = Release|Any CPU
	EndGlobalSection
	GlobalSection(SolutionProperties) = preSolution
		HideSolutionNode = FALSE
	EndGlobalSection
	GlobalSection(ExtensibilityGlobals) = postSolution
		SolutionGuid = {F3997BCF-23DF-4184-9780-1DBE07F257F9}
	EndGlobalSection
EndGlobal
